
Microsoft Visual Studio Solution File, Format Version 12.00
# Visual Studio Version 16
VisualStudioVersion = 16.0.31605.320
MinimumVisualStudioVersion = 10.0.40219.1
Project("{FAE04EC0-301F-11D3-BF4B-00C04F79EFBC}") = "StackOfOject", "StaclOfOject\StackOfOject.csproj", "{DD5F8415-1FF1-40FE-BC5D-3FE242683E07}"
EndProject
Global
	GlobalSection(SolutionConfigurationPlatforms) = preSolution
		Debug|Any CPU = Debug|Any CPU
		Release|Any CPU = Release|Any CPU
	EndGlobalSection
	GlobalSection(ProjectConfigurationPlatforms) = postSolution
		{DD5F8415-1FF1-40FE-BC5D-3FE242683E07}.Debug|Any CPU.ActiveCfg = Debug|Any CPU
		{DD5F8415-1FF1-40FE-BC5D-3FE242683E07}.Debug|Any CPU.Build.0 = Debug|Any CPU
		{DD5F8415-1FF1-40FE-BC5D-3FE242683E07}.Release|Any CPU.ActiveCfg = Release|Any CPU
		{DD5F8415-1FF1-40FE-BC5D-3FE242683E07}.Release|Any CPU.Build.0 = Release|Any CPU
	EndGlobalSection
	GlobalSection(SolutionProperties) = preSolution
		HideSolutionNode = FALSE
	EndGlobalSection
	GlobalSection(ExtensibilityGlobals) = postSolution
		SolutionGuid = {F4E132A8-4869-4A85-8779-5DF024184180}
	EndGlobalSection
EndGlobal
