
Microsoft Visual Studio Solution File, Format Version 12.00
# Visual Studio Version 16
VisualStudioVersion = 16.0.31605.320
MinimumVisualStudioVersion = 10.0.40219.1
Project("{FAE04EC0-301F-11D3-BF4B-00C04F79EFBC}") = "DEC28HANDSON", "DEC28HANDSON\DEC28HANDSON.csproj", "{CA61F01F-B40C-4645-AFB3-673215C79D59}"
EndProject
Global
	GlobalSection(SolutionConfigurationPlatforms) = preSolution
		Debug|Any CPU = Debug|Any CPU
		Release|Any CPU = Release|Any CPU
	EndGlobalSection
	GlobalSection(ProjectConfigurationPlatforms) = postSolution
		{CA61F01F-B40C-4645-AFB3-673215C79D59}.Debug|Any CPU.ActiveCfg = Debug|Any CPU
		{CA61F01F-B40C-4645-AFB3-673215C79D59}.Debug|Any CPU.Build.0 = Debug|Any CPU
		{CA61F01F-B40C-4645-AFB3-673215C79D59}.Release|Any CPU.ActiveCfg = Release|Any CPU
		{CA61F01F-B40C-4645-AFB3-673215C79D59}.Release|Any CPU.Build.0 = Release|Any CPU
	EndGlobalSection
	GlobalSection(SolutionProperties) = preSolution
		HideSolutionNode = FALSE
	EndGlobalSection
	GlobalSection(ExtensibilityGlobals) = postSolution
		SolutionGuid = {5FA02D44-F417-4CF6-8EEC-1284AA529D59}
	EndGlobalSection
EndGlobal
