
Microsoft Visual Studio Solution File, Format Version 12.00
# Visual Studio Version 16
VisualStudioVersion = 16.0.31605.320
MinimumVisualStudioVersion = 10.0.40219.1
Project("{FAE04EC0-301F-11D3-BF4B-00C04F79EFBC}") = "Task3DEC23", "Task3DEC23\Task3DEC23.csproj", "{04B4529A-55EF-4D2C-A3CC-10D831FA6497}"
EndProject
Global
	GlobalSection(SolutionConfigurationPlatforms) = preSolution
		Debug|Any CPU = Debug|Any CPU
		Release|Any CPU = Release|Any CPU
	EndGlobalSection
	GlobalSection(ProjectConfigurationPlatforms) = postSolution
		{04B4529A-55EF-4D2C-A3CC-10D831FA6497}.Debug|Any CPU.ActiveCfg = Debug|Any CPU
		{04B4529A-55EF-4D2C-A3CC-10D831FA6497}.Debug|Any CPU.Build.0 = Debug|Any CPU
		{04B4529A-55EF-4D2C-A3CC-10D831FA6497}.Release|Any CPU.ActiveCfg = Release|Any CPU
		{04B4529A-55EF-4D2C-A3CC-10D831FA6497}.Release|Any CPU.Build.0 = Release|Any CPU
	EndGlobalSection
	GlobalSection(SolutionProperties) = preSolution
		HideSolutionNode = FALSE
	EndGlobalSection
	GlobalSection(ExtensibilityGlobals) = postSolution
		SolutionGuid = {0E7ABC5A-159E-441D-8B4B-47D2A322148D}
	EndGlobalSection
EndGlobal
